
Microsoft Visual Studio Solution File, Format Version 12.00
# Visual Studio Version 17
VisualStudioVersion = 17.3.32929.385
MinimumVisualStudioVersion = 10.0.40219.1
Project("{FAE04EC0-301F-11D3-BF4B-00C04F79EFBC}") = "kpValko", "kpValko\kpValko.csproj", "{0D184414-F62C-42DC-8561-8DEDCE642620}"
EndProject
Global
	GlobalSection(SolutionConfigurationPlatforms) = preSolution
		Debug|Any CPU = Debug|Any CPU
		Release|Any CPU = Release|Any CPU
	EndGlobalSection
	GlobalSection(ProjectConfigurationPlatforms) = postSolution
		{0D184414-F62C-42DC-8561-8DEDCE642620}.Debug|Any CPU.ActiveCfg = Debug|Any CPU
		{0D184414-F62C-42DC-8561-8DEDCE642620}.Debug|Any CPU.Build.0 = Debug|Any CPU
		{0D184414-F62C-42DC-8561-8DEDCE642620}.Release|Any CPU.ActiveCfg = Release|Any CPU
		{0D184414-F62C-42DC-8561-8DEDCE642620}.Release|Any CPU.Build.0 = Release|Any CPU
	EndGlobalSection
	GlobalSection(SolutionProperties) = preSolution
		HideSolutionNode = FALSE
	EndGlobalSection
	GlobalSection(ExtensibilityGlobals) = postSolution
		SolutionGuid = {21590C4B-1DA6-4EEE-93C8-5A8D21593FD3}
	EndGlobalSection
EndGlobal
